{
  "name": "pop-n-lock-theme-vscode",
  "version": "3.13.1",
  "lockfileVersion": 1,
  "requires": true,
  "dependencies": {
    "@types/body-parser": {
      "version": "1.17.0",
      "resolved": "https://registry.npmjs.org/@types/body-parser/-/body-parser-1.17.0.tgz",
      "integrity": "sha512-a2+YeUjPkztKJu5aIF2yArYFQQp8d51wZ7DavSHjFuY1mqVgidGyzEQ41JIVNy82fXj8yPgy2vJmfIywgESW6w==",
      "dev": true,
      "requires": {
        "@types/connect": "*",
        "@types/node": "*"
      }
    },
    "@types/bson": {
      "version": "4.0.0",
      "resolved": "https://registry.npmjs.org/@types/bson/-/bson-4.0.0.tgz",
      "integrity": "sha512-pq/rqJwJWkbS10crsG5bgnrisL8pML79KlMKQMoQwLUjlPAkrUHMvHJ3oGwE7WHR61Lv/nadMwXVAD2b+fpD8Q==",
      "dev": true,
      "requires": {
        "@types/node": "*"
      }
    },
    "@types/connect": {
      "version": "3.4.32",
      "resolved": "https://registry.npmjs.org/@types/connect/-/connect-3.4.32.tgz",
      "integrity": "sha512-4r8qa0quOvh7lGD0pre62CAb1oni1OO6ecJLGCezTmhQ8Fz50Arx9RUszryR8KlgK6avuSXvviL6yWyViQABOg==",
      "dev": true,
      "requires": {
        "@types/node": "*"
      }
    },
    "@types/dotenv": {
      "version": "6.1.1",
      "resolved": "https://registry.npmjs.org/@types/dotenv/-/dotenv-6.1.1.tgz",
      "integrity": "sha512-ftQl3DtBvqHl9L16tpqqzA4YzCSXZfi7g8cQceTz5rOlYtk/IZbFjAv3mLOQlNIgOaylCQWQoBdDQHPgEBJPHg==",
      "dev": true,
      "requires": {
        "@types/node": "*"
      }
    },
    "@types/express": {
      "version": "4.16.1",
      "resolved": "https://registry.npmjs.org/@types/express/-/express-4.16.1.tgz",
      "integrity": "sha512-V0clmJow23WeyblmACoxbHBu2JKlE5TiIme6Lem14FnPW9gsttyHtk6wq7njcdIWH1njAaFgR8gW09lgY98gQg==",
      "dev": true,
      "requires": {
        "@types/body-parser": "*",
        "@types/express-serve-static-core": "*",
        "@types/serve-static": "*"
      }
    },
    "@types/express-mongo-sanitize": {
      "version": "1.3.1",
      "resolved": "https://registry.npmjs.org/@types/express-mongo-sanitize/-/express-mongo-sanitize-1.3.1.tgz",
      "integrity": "sha512-HRfD0LdS15YuOO8JcMsr/hBGg5mZ4SlEiif4HxYJpzZBQA9o+HObqX+ajsJma1PoTu36tfJETXA04D1+moQGTw==",
      "dev": true,
      "requires": {
        "@types/express": "*"
      }
    },
    "@types/express-serve-static-core": {
      "version": "4.16.4",
      "resolved": "https://registry.npmjs.org/@types/express-serve-static-core/-/express-serve-static-core-4.16.4.tgz",
      "integrity": "sha512-x/8h6FHm14rPWnW2HP5likD/rsqJ3t/77OWx2PLxym0hXbeBWQmcPyHmwX+CtCQpjIfgrUdEoDFcLPwPZWiqzQ==",
      "dev": true,
      "requires": {
        "@types/node": "*",
        "@types/range-parser": "*"
      }
    },
    "@types/jsonwebtoken": {
      "version": "8.3.2",
      "resolved": "https://registry.npmjs.org/@types/jsonwebtoken/-/jsonwebtoken-8.3.2.tgz",
      "integrity": "sha512-Mkjljd9DTpkPlrmGfTJvcP4aBU7yO2QmW7wNVhV4/6AEUxYoacqU7FJU/N0yFEHTsIrE4da3rUrjrR5ejicFmA==",
      "dev": true,
      "requires": {
        "@types/node": "*"
      }
    },
    "@types/mime": {
      "version": "2.0.1",
      "resolved": "https://registry.npmjs.org/@types/mime/-/mime-2.0.1.tgz",
      "integrity": "sha512-FwI9gX75FgVBJ7ywgnq/P7tw+/o1GUbtP0KzbtusLigAOgIgNISRK0ZPl4qertvXSIE8YbsVJueQ90cDt9YYyw==",
      "dev": true
    },
    "@types/mongodb": {
      "version": "3.1.26",
      "resolved": "https://registry.npmjs.org/@types/mongodb/-/mongodb-3.1.26.tgz",
      "integrity": "sha512-i7+l95IbqnGLRW+AJ6F2nzqosLUgU022lDuoHhbQquMV7tgek0vNUg9RwC2Fn7ImBSQSFdCWeU394ciPEwSeaQ==",
      "dev": true,
      "requires": {
        "@types/bson": "*",
        "@types/node": "*"
      }
    },
    "@types/mongoose": {
      "version": "5.5.0",
      "resolved": "https://registry.npmjs.org/@types/mongoose/-/mongoose-5.5.0.tgz",
      "integrity": "sha512-LIuVYQ/6y3ak5f+0C6J+t1ufZA/dM0bqkmEHOtbPO6pH/VB09Tn+BoTh2T2/UbkKH4SLdvupQQRBuCu3XXxynQ==",
      "dev": true,
      "requires": {
        "@types/mongodb": "*",
        "@types/node": "*"
      }
    },
    "@types/node": {
      "version": "11.13.10",
      "resolved": "https://registry.npmjs.org/@types/node/-/node-11.13.10.tgz",
      "integrity": "sha512-leUNzbFTMX94TWaIKz8N15Chu55F9QSH+INKayQr5xpkasBQBRF3qQXfo3/dOnMU/dEIit+Y/SU8HyOjq++GwA==",
      "dev": true
    },
    "@types/prop-types": {
      "version": "15.7.1",
      "resolved": "https://registry.npmjs.org/@types/prop-types/-/prop-types-15.7.1.tgz",
      "integrity": "sha512-CFzn9idOEpHrgdw8JsoTkaDDyRWk1jrzIV8djzcgpq0y9tG4B4lFT+Nxh52DVpDXV+n4+NPNv7M1Dj5uMp6XFg==",
      "dev": true
    },
    "@types/range-parser": {
      "version": "1.2.3",
      "resolved": "https://registry.npmjs.org/@types/range-parser/-/range-parser-1.2.3.tgz",
      "integrity": "sha512-ewFXqrQHlFsgc09MK5jP5iR7vumV/BYayNC6PgJO2LPe8vrnNFyjQjSppfEngITi0qvfKtzFvgKymGheFM9UOA==",
      "dev": true
    },
    "@types/react": {
      "version": "16.8.17",
      "resolved": "https://registry.npmjs.org/@types/react/-/react-16.8.17.tgz",
      "integrity": "sha512-pln3mgc6VfkNg92WXODul/ONo140huK9OMsx62GlBlZ2lvjNK86PQJhYMPLO1i66aF5O9OPyZefogvNltBIszA==",
      "dev": true,
      "requires": {
        "@types/prop-types": "*",
        "csstype": "^2.2.0"
      }
    },
    "@types/react-dom": {
      "version": "16.8.4",
      "resolved": "https://registry.npmjs.org/@types/react-dom/-/react-dom-16.8.4.tgz",
      "integrity": "sha512-eIRpEW73DCzPIMaNBDP5pPIpK1KXyZwNgfxiVagb5iGiz6da+9A5hslSX6GAQKdO7SayVCS/Fr2kjqprgAvkfA==",
      "dev": true,
      "requires": {
        "@types/react": "*"
      }
    },
    "@types/serve-static": {
      "version": "1.13.2",
      "resolved": "https://registry.npmjs.org/@types/serve-static/-/serve-static-1.13.2.tgz",
      "integrity": "sha512-/BZ4QRLpH/bNYgZgwhKEh+5AsboDBcUdlBYgzoLX0fpj3Y2gp6EApyOlM3bK53wQS/OE1SrdSYBAbux2D1528Q==",
      "dev": true,
      "requires": {
        "@types/express-serve-static-core": "*",
        "@types/mime": "*"
      }
    },
    "@types/vscode": {
      "version": "1.33.0",
      "resolved": "https://registry.npmjs.org/@types/vscode/-/vscode-1.33.0.tgz",
      "integrity": "sha512-JSmGiValbrcG5g20jjCfKakLiuWyrcjVezj+SEAEZ4klXQktE5EtowuGlkLVqbkiBK4iY5wy/4yW8OjecuHnjQ==",
      "dev": true
    },
    "agent-base": {
      "version": "4.2.1",
      "resolved": "https://registry.npmjs.org/agent-base/-/agent-base-4.2.1.tgz",
      "integrity": "sha512-JVwXMr9nHYTUXsBFKUqhJwvlcYU/blreOEUkhNR2eXZIvwd+c+o5V4MgDPKWnMS/56awN3TRzIP+KoPn+roQtg==",
      "requires": {
        "es6-promisify": "^5.0.0"
      }
    },
    "applicationinsights": {
      "version": "1.0.8",
      "resolved": "https://registry.npmjs.org/applicationinsights/-/applicationinsights-1.0.8.tgz",
      "integrity": "sha512-KzOOGdphOS/lXWMFZe5440LUdFbrLpMvh2SaRxn7BmiI550KAoSb2gIhiq6kJZ9Ir3AxRRztjhzif+e5P5IXIg==",
      "requires": {
        "diagnostic-channel": "0.2.0",
        "diagnostic-channel-publishers": "0.2.1",
        "zone.js": "0.7.6"
      }
    },
    "csstype": {
      "version": "2.6.4",
      "resolved": "https://registry.npmjs.org/csstype/-/csstype-2.6.4.tgz",
      "integrity": "sha512-lAJUJP3M6HxFXbqtGRc0iZrdyeN+WzOWeY0q/VnFzI+kqVrYIzC7bWlKqCW7oCIdzoPkvfp82EVvrTlQ8zsWQg==",
      "dev": true
    },
    "debug": {
      "version": "3.1.0",
      "resolved": "https://registry.npmjs.org/debug/-/debug-3.1.0.tgz",
      "integrity": "sha512-OX8XqP7/1a9cqkxYw2yXss15f26NKWBpDXQd0/uK/KPqdQhxbPa994hnzjcE2VqQpDslf55723cKPUOGSmMY3g==",
      "requires": {
        "ms": "2.0.0"
      }
    },
    "diagnostic-channel": {
      "version": "0.2.0",
      "resolved": "https://registry.npmjs.org/diagnostic-channel/-/diagnostic-channel-0.2.0.tgz",
      "integrity": "sha1-zJmvlhLCP7H/8TYSxy8sv6qNWhc=",
      "requires": {
        "semver": "^5.3.0"
      }
    },
    "diagnostic-channel-publishers": {
      "version": "0.2.1",
      "resolved": "https://registry.npmjs.org/diagnostic-channel-publishers/-/diagnostic-channel-publishers-0.2.1.tgz",
      "integrity": "sha1-ji1geottef6IC1SLxYzGvrKIxPM="
    },
    "es6-promise": {
      "version": "4.2.6",
      "resolved": "https://registry.npmjs.org/es6-promise/-/es6-promise-4.2.6.tgz",
      "integrity": "sha512-aRVgGdnmW2OiySVPUC9e6m+plolMAJKjZnQlCwNSuK5yQ0JN61DZSO1X1Ufd1foqWRAlig0rhduTCHe7sVtK5Q=="
    },
    "es6-promisify": {
      "version": "5.0.0",
      "resolved": "https://registry.npmjs.org/es6-promisify/-/es6-promisify-5.0.0.tgz",
      "integrity": "sha1-UQnWLz5W6pZ8S2NQWu8IKRyKUgM=",
      "requires": {
        "es6-promise": "^4.0.3"
      }
    },
    "http-proxy-agent": {
      "version": "2.1.0",
      "resolved": "https://registry.npmjs.org/http-proxy-agent/-/http-proxy-agent-2.1.0.tgz",
      "integrity": "sha512-qwHbBLV7WviBl0rQsOzH6o5lwyOIvwp/BdFnvVxXORldu5TmjFfjzBcWUWS5kWAZhmv+JtiDhSuQCp4sBfbIgg==",
      "requires": {
        "agent-base": "4",
        "debug": "3.1.0"
      }
    },
    "https-proxy-agent": {
      "version": "2.2.1",
      "resolved": "https://registry.npmjs.org/https-proxy-agent/-/https-proxy-agent-2.2.1.tgz",
      "integrity": "sha512-HPCTS1LW51bcyMYbxUIOO4HEOlQ1/1qRaFWcyxvwaqUS9TY88aoEuHUY33kuAh1YhVVaDQhLZsnPd+XNARWZlQ==",
      "requires": {
        "agent-base": "^4.1.0",
        "debug": "^3.1.0"
      }
    },
    "jsonc-parser": {
      "version": "2.1.0",
      "resolved": "https://registry.npmjs.org/jsonc-parser/-/jsonc-parser-2.1.0.tgz",
      "integrity": "sha512-n9GrT8rrr2fhvBbANa1g+xFmgGK5X91KFeDwlKQ3+SJfmH5+tKv/M/kahx/TXOMflfWHKGKqKyfHQaLKTNzJ6w=="
    },
    "ms": {
      "version": "2.0.0",
      "resolved": "https://registry.npmjs.org/ms/-/ms-2.0.0.tgz",
      "integrity": "sha1-VgiurfwAvmwpAd9fmGF4jeDVl8g="
    },
    "request-light": {
      "version": "0.2.4",
      "resolved": "https://registry.npmjs.org/request-light/-/request-light-0.2.4.tgz",
      "integrity": "sha512-pM9Fq5jRnSb+82V7M97rp8FE9/YNeP2L9eckB4Szd7lyeclSIx02aIpPO/6e4m6Dy31+FBN/zkFMTd2HkNO3ow==",
      "requires": {
        "http-proxy-agent": "^2.1.0",
        "https-proxy-agent": "^2.2.1",
        "vscode-nls": "^4.0.0"
      }
    },
    "semver": {
      "version": "5.7.0",
      "resolved": "https://registry.npmjs.org/semver/-/semver-5.7.0.tgz",
      "integrity": "sha512-Ya52jSX2u7QKghxeoFGpLwCtGlt7j0oY9DYb5apt9nPlJ42ID+ulTXESnt/qAQcoSERyZ5sl3LDIOw0nAn/5DA=="
    },
    "tslib": {
      "version": "1.9.3",
      "resolved": "https://registry.npmjs.org/tslib/-/tslib-1.9.3.tgz",
      "integrity": "sha512-4krF8scpejhaOgqzBEcGM7yDIEfi0/8+8zDRZhNZZ2kjmHJ4hv3zCbQWxoJGz1iw5U0Jl0nma13xzHXcncMavQ==",
      "dev": true
    },
    "typescript": {
      "version": "3.4.5",
      "resolved": "https://registry.npmjs.org/typescript/-/typescript-3.4.5.tgz",
      "integrity": "sha512-YycBxUb49UUhdNMU5aJ7z5Ej2XGmaIBL0x34vZ82fn3hGvD+bgrMrVDpatgz2f7YxUMJxMkbWxJZeAvDxVe7Vw==",
      "dev": true
    },
    "vscode-extension-telemetry": {
      "version": "0.1.1",
      "resolved": "https://registry.npmjs.org/vscode-extension-telemetry/-/vscode-extension-telemetry-0.1.1.tgz",
      "integrity": "sha512-TkKKG/B/J94DP5qf6xWB4YaqlhWDg6zbbqVx7Bz//stLQNnfE9XS1xm3f6fl24c5+bnEK0/wHgMgZYKIKxPeUA==",
      "requires": {
        "applicationinsights": "1.0.8"
      }
    },
    "vscode-jsonrpc": {
      "version": "4.0.0",
      "resolved": "https://registry.npmjs.org/vscode-jsonrpc/-/vscode-jsonrpc-4.0.0.tgz",
      "integrity": "sha512-perEnXQdQOJMTDFNv+UF3h1Y0z4iSiaN9jIlb0OqIYgosPCZGYh/MCUlkFtV2668PL69lRDO32hmvL2yiidUYg=="
    },
    "vscode-languageclient": {
      "version": "5.2.1",
      "resolved": "https://registry.npmjs.org/vscode-languageclient/-/vscode-languageclient-5.2.1.tgz",
      "integrity": "sha512-7jrS/9WnV0ruqPamN1nE7qCxn0phkH5LjSgSp9h6qoJGoeAKzwKz/PF6M+iGA/aklx4GLZg1prddhEPQtuXI1Q==",
      "requires": {
        "semver": "^5.5.0",
        "vscode-languageserver-protocol": "3.14.1"
      }
    },
    "vscode-languageserver-protocol": {
      "version": "3.14.1",
      "resolved": "https://registry.npmjs.org/vscode-languageserver-protocol/-/vscode-languageserver-protocol-3.14.1.tgz",
      "integrity": "sha512-IL66BLb2g20uIKog5Y2dQ0IiigW0XKrvmWiOvc0yXw80z3tMEzEnHjaGAb3ENuU7MnQqgnYJ1Cl2l9RvNgDi4g==",
      "requires": {
        "vscode-jsonrpc": "^4.0.0",
        "vscode-languageserver-types": "3.14.0"
      }
    },
    "vscode-languageserver-types": {
      "version": "3.14.0",
      "resolved": "https://registry.npmjs.org/vscode-languageserver-types/-/vscode-languageserver-types-3.14.0.tgz",
      "integrity": "sha512-lTmS6AlAlMHOvPQemVwo3CezxBp0sNB95KNPkqp3Nxd5VFEnuG1ByM0zlRWos0zjO3ZWtkvhal0COgiV1xIA4A=="
    },
    "vscode-nls": {
      "version": "4.1.0",
      "resolved": "https://registry.npmjs.org/vscode-nls/-/vscode-nls-4.1.0.tgz",
      "integrity": "sha512-zKsFWVzL1wlCezgaI3XiN42IT8DIPM1Qr+G+RBhiU3U0bJCdC8pPELakRCtuVT4wF3gBZjBrUDQ8mowL7hmgwA=="
    },
    "vscode-uri": {
      "version": "1.0.6",
      "resolved": "https://registry.npmjs.org/vscode-uri/-/vscode-uri-1.0.6.tgz",
      "integrity": "sha512-sLI2L0uGov3wKVb9EB+vIQBl9tVP90nqRvxSoJ35vI3NjxE8jfsE5DSOhWgSunHSZmKS4OCi2jrtfxK7uyp2ww=="
    },
    "zone.js": {
      "version": "0.7.6",
      "resolved": "https://registry.npmjs.org/zone.js/-/zone.js-0.7.6.tgz",
      "integrity": "sha1-+7w50+AmHQmG8boGMG6zrrDSIAk="
    }
  }
}
